# This file is automatically @generated by Poetry and should not be changed by hand.

[[package]]
name = "julia"
version = "0.6.1"
description = "Julia/Python bridge with IPython support."
category = "main"
optional = false
python-versions = ">=3.4"
files = [
    {file = "julia-0.6.1-py2.py3-none-any.whl", hash = "sha256:69b997866dac2900e23563bd954ba634f8829f4f16ab7107ba1e9b4a90381b67"},
    {file = "julia-0.6.1.tar.gz", hash = "sha256:dbada3b47cb14b3e1893dae8339053e014cf09f8158f408b6a129ca4dfca1f61"},
]

[package.extras]
test = ["ipython", "mock", "numpy", "pytest (>=4.4)"]

[metadata]
lock-version = "2.0"
python-versions = "^3.10"
content-hash = "8120f980718c3cd511168177fe51c8e8ca96d65dad2389b1401e3fea427f2c79"
